
Microsoft Visual Studio Solution File, Format Version 12.00
# Visual Studio 2012
Project("{FAE04EC0-301F-11D3-BF4B-00C04F79EFBC}") = "SurvivalGame", "SurvivalGame.csproj", "{5F8C50A2-245E-4714-8104-2237A0677257}"
EndProject
Global
	GlobalSection(SolutionConfigurationPlatforms) = preSolution
		Debug|Any CPU = Debug|Any CPU
		Release|Any CPU = Release|Any CPU
	EndGlobalSection
	GlobalSection(ProjectConfigurationPlatforms) = postSolution
		{5F8C50A2-245E-4714-8104-2237A0677257}.Debug|Any CPU.ActiveCfg = Debug|Any CPU
		{5F8C50A2-245E-4714-8104-2237A0677257}.Debug|Any CPU.Build.0 = Debug|Any CPU
		{5F8C50A2-245E-4714-8104-2237A0677257}.Release|Any CPU.ActiveCfg = Release|Any CPU
		{5F8C50A2-245E-4714-8104-2237A0677257}.Release|Any CPU.Build.0 = Release|Any CPU
	EndGlobalSection
	GlobalSection(SolutionProperties) = preSolution
		HideSolutionNode = FALSE
	EndGlobalSection
EndGlobal
